
Microsoft Visual Studio Solution File, Format Version 12.00
# Visual Studio 2013
VisualStudioVersion = 12.0.40629.0
MinimumVisualStudioVersion = 10.0.40219.1
Project("{FAE04EC0-301F-11D3-BF4B-00C04F79EFBC}") = "ScopoMFinance.Web", "ScopoMFinance.Web\ScopoMFinance.Web.csproj", "{B2ACBA00-7A5F-408C-8A17-4566E78A9F23}"
EndProject
Project("{FAE04EC0-301F-11D3-BF4B-00C04F79EFBC}") = "ScopoMFinance.Tests", "ScopoMFinance.Tests\ScopoMFinance.Tests.csproj", "{E3C35BB4-A4F5-483E-89DD-FAD7EFB070EB}"
EndProject
Project("{2150E333-8FDC-42A3-9474-1A3956D46DE8}") = "db", "db", "{F6315A92-8DA7-41F7-8BD6-46873C3BA179}"
EndProject
Project("{00D1A9C2-B5F0-4AF3-8072-F6C62B433612}") = "ScopoFinance.Database", "ScopoFinance.Database\ScopoFinance.Database.sqlproj", "{729DFAEA-9046-4CDF-A0AF-4BB826038F28}"
EndProject
Project("{FAE04EC0-301F-11D3-BF4B-00C04F79EFBC}") = "ScopoMFinance.Domain", "ScopoMFinance.Domain\ScopoMFinance.Domain.csproj", "{89C623F6-5D29-48EB-B7CE-945E19A33B90}"
EndProject
Project("{2150E333-8FDC-42A3-9474-1A3956D46DE8}") = "src", "src", "{C8A85A18-2615-4FC5-9982-12A737CDA021}"
EndProject
Project("{FAE04EC0-301F-11D3-BF4B-00C04F79EFBC}") = "ScopoMFinance.Core", "ScopoMFinance.Core\ScopoMFinance.Core.csproj", "{B133F37B-BEFB-4FFC-8651-AE8E22FAE8B2}"
EndProject
Project("{FAE04EC0-301F-11D3-BF4B-00C04F79EFBC}") = "ScopoMFinance.Localization", "ScopoMFinance.Localization\ScopoMFinance.Localization.csproj", "{42AADA26-F118-4F8C-AD52-51213B9265AB}"
EndProject
Project("{2150E333-8FDC-42A3-9474-1A3956D46DE8}") = "lib", "lib", "{936A8B7E-4BBF-4B8F-BB08-84A2C699E868}"
EndProject
Project("{FAE04EC0-301F-11D3-BF4B-00C04F79EFBC}") = "NtitasCommon.Core", "NtitasCommon.Core\NtitasCommon.Core.csproj", "{8CE2C96B-1552-4C2B-A4C8-9F3EF08E06B2}"
EndProject
Project("{2150E333-8FDC-42A3-9474-1A3956D46DE8}") = "test", "test", "{422DD57C-2601-4985-9520-B835C0686123}"
EndProject
Global
	GlobalSection(SolutionConfigurationPlatforms) = preSolution
		Debug|Any CPU = Debug|Any CPU
		Release|Any CPU = Release|Any CPU
	EndGlobalSection
	GlobalSection(ProjectConfigurationPlatforms) = postSolution
		{B2ACBA00-7A5F-408C-8A17-4566E78A9F23}.Debug|Any CPU.ActiveCfg = Debug|Any CPU
		{B2ACBA00-7A5F-408C-8A17-4566E78A9F23}.Debug|Any CPU.Build.0 = Debug|Any CPU
		{B2ACBA00-7A5F-408C-8A17-4566E78A9F23}.Release|Any CPU.ActiveCfg = Release|Any CPU
		{B2ACBA00-7A5F-408C-8A17-4566E78A9F23}.Release|Any CPU.Build.0 = Release|Any CPU
		{E3C35BB4-A4F5-483E-89DD-FAD7EFB070EB}.Debug|Any CPU.ActiveCfg = Debug|Any CPU
		{E3C35BB4-A4F5-483E-89DD-FAD7EFB070EB}.Debug|Any CPU.Build.0 = Debug|Any CPU
		{E3C35BB4-A4F5-483E-89DD-FAD7EFB070EB}.Release|Any CPU.ActiveCfg = Release|Any CPU
		{E3C35BB4-A4F5-483E-89DD-FAD7EFB070EB}.Release|Any CPU.Build.0 = Release|Any CPU
		{729DFAEA-9046-4CDF-A0AF-4BB826038F28}.Debug|Any CPU.ActiveCfg = Debug|Any CPU
		{729DFAEA-9046-4CDF-A0AF-4BB826038F28}.Debug|Any CPU.Build.0 = Debug|Any CPU
		{729DFAEA-9046-4CDF-A0AF-4BB826038F28}.Debug|Any CPU.Deploy.0 = Debug|Any CPU
		{729DFAEA-9046-4CDF-A0AF-4BB826038F28}.Release|Any CPU.ActiveCfg = Release|Any CPU
		{729DFAEA-9046-4CDF-A0AF-4BB826038F28}.Release|Any CPU.Build.0 = Release|Any CPU
		{729DFAEA-9046-4CDF-A0AF-4BB826038F28}.Release|Any CPU.Deploy.0 = Release|Any CPU
		{89C623F6-5D29-48EB-B7CE-945E19A33B90}.Debug|Any CPU.ActiveCfg = Debug|Any CPU
		{89C623F6-5D29-48EB-B7CE-945E19A33B90}.Debug|Any CPU.Build.0 = Debug|Any CPU
		{89C623F6-5D29-48EB-B7CE-945E19A33B90}.Release|Any CPU.ActiveCfg = Release|Any CPU
		{89C623F6-5D29-48EB-B7CE-945E19A33B90}.Release|Any CPU.Build.0 = Release|Any CPU
		{B133F37B-BEFB-4FFC-8651-AE8E22FAE8B2}.Debug|Any CPU.ActiveCfg = Debug|Any CPU
		{B133F37B-BEFB-4FFC-8651-AE8E22FAE8B2}.Debug|Any CPU.Build.0 = Debug|Any CPU
		{B133F37B-BEFB-4FFC-8651-AE8E22FAE8B2}.Release|Any CPU.ActiveCfg = Release|Any CPU
		{B133F37B-BEFB-4FFC-8651-AE8E22FAE8B2}.Release|Any CPU.Build.0 = Release|Any CPU
		{42AADA26-F118-4F8C-AD52-51213B9265AB}.Debug|Any CPU.ActiveCfg = Debug|Any CPU
		{42AADA26-F118-4F8C-AD52-51213B9265AB}.Debug|Any CPU.Build.0 = Debug|Any CPU
		{42AADA26-F118-4F8C-AD52-51213B9265AB}.Release|Any CPU.ActiveCfg = Release|Any CPU
		{42AADA26-F118-4F8C-AD52-51213B9265AB}.Release|Any CPU.Build.0 = Release|Any CPU
		{8CE2C96B-1552-4C2B-A4C8-9F3EF08E06B2}.Debug|Any CPU.ActiveCfg = Debug|Any CPU
		{8CE2C96B-1552-4C2B-A4C8-9F3EF08E06B2}.Debug|Any CPU.Build.0 = Debug|Any CPU
		{8CE2C96B-1552-4C2B-A4C8-9F3EF08E06B2}.Release|Any CPU.ActiveCfg = Release|Any CPU
		{8CE2C96B-1552-4C2B-A4C8-9F3EF08E06B2}.Release|Any CPU.Build.0 = Release|Any CPU
	EndGlobalSection
	GlobalSection(SolutionProperties) = preSolution
		HideSolutionNode = FALSE
	EndGlobalSection
	GlobalSection(NestedProjects) = preSolution
		{B2ACBA00-7A5F-408C-8A17-4566E78A9F23} = {C8A85A18-2615-4FC5-9982-12A737CDA021}
		{E3C35BB4-A4F5-483E-89DD-FAD7EFB070EB} = {422DD57C-2601-4985-9520-B835C0686123}
		{729DFAEA-9046-4CDF-A0AF-4BB826038F28} = {F6315A92-8DA7-41F7-8BD6-46873C3BA179}
		{89C623F6-5D29-48EB-B7CE-945E19A33B90} = {C8A85A18-2615-4FC5-9982-12A737CDA021}
		{B133F37B-BEFB-4FFC-8651-AE8E22FAE8B2} = {C8A85A18-2615-4FC5-9982-12A737CDA021}
		{42AADA26-F118-4F8C-AD52-51213B9265AB} = {C8A85A18-2615-4FC5-9982-12A737CDA021}
		{8CE2C96B-1552-4C2B-A4C8-9F3EF08E06B2} = {936A8B7E-4BBF-4B8F-BB08-84A2C699E868}
	EndGlobalSection
EndGlobal
